// !$*UTF8*$!
{
	archiveVersion = 1;
	classes = {
	};
	objectVersion = 46;
	objects = {

/* Begin PBXBuildFile section */
		1B61E9A819198EB200956EF7 /* Foundation.framework in Frameworks */ = {isa = PBXBuildFile; fileRef = 1B61E9A719198EB200956EF7 /* Foundation.framework */; };
		1B61E9AA19198EB200956EF7 /* CoreGraphics.framework in Frameworks */ = {isa = PBXBuildFile; fileRef = 1B61E9A919198EB200956EF7 /* CoreGraphics.framework */; };
		1B61E9AC19198EB200956EF7 /* UIKit.framework in Frameworks */ = {isa = PBXBuildFile; fileRef = 1B61E9AB19198EB200956EF7 /* UIKit.framework */; };
		1B61E9B219198EB200956EF7 /* InfoPlist.strings in Resources */ = {isa = PBXBuildFile; fileRef = 1B61E9B019198EB200956EF7 /* InfoPlist.strings */; };
		1B61E9B419198EB200956EF7 /* main.m in Sources */ = {isa = PBXBuildFile; fileRef = 1B61E9B319198EB200956EF7 /* main.m */; };
		1B61E9B819198EB200956EF7 /* AppDelegate.m in Sources */ = {isa = PBXBuildFile; fileRef = 1B61E9B719198EB200956EF7 /* AppDelegate.m */; };
		1B61E9BB19198EB200956EF7 /* Main.storyboard in Resources */ = {isa = PBXBuildFile; fileRef = 1B61E9B919198EB200956EF7 /* Main.storyboard */; };
		1B61E9BE19198EB200956EF7 /* MainViewController.m in Sources */ = {isa = PBXBuildFile; fileRef = 1B61E9BD19198EB200956EF7 /* MainViewController.m */; };
		1B61E9C019198EB200956EF7 /* Images.xcassets in Resources */ = {isa = PBXBuildFile; fileRef = 1B61E9BF19198EB200956EF7 /* Images.xcassets */; };
		1B61E9C719198EB200956EF7 /* XCTest.framework in Frameworks */ = {isa = PBXBuildFile; fileRef = 1B61E9C619198EB200956EF7 /* XCTest.framework */; };
		1B61E9C819198EB200956EF7 /* Foundation.framework in Frameworks */ = {isa = PBXBuildFile; fileRef = 1B61E9A719198EB200956EF7 /* Foundation.framework */; };
		1B61E9C919198EB200956EF7 /* UIKit.framework in Frameworks */ = {isa = PBXBuildFile; fileRef = 1B61E9AB19198EB200956EF7 /* UIKit.framework */; };
		1B61E9D119198EB200956EF7 /* InfoPlist.strings in Resources */ = {isa = PBXBuildFile; fileRef = 1B61E9CF19198EB200956EF7 /* InfoPlist.strings */; };
		1B61E9D319198EB200956EF7 /* ProtienTrackerTests.m in Sources */ = {isa = PBXBuildFile; fileRef = 1B61E9D219198EB200956EF7 /* ProtienTrackerTests.m */; };
		1B61E9DE1919953C00956EF7 /* HistoryViewController.m in Sources */ = {isa = PBXBuildFile; fileRef = 1B61E9DD1919953C00956EF7 /* HistoryViewController.m */; };
		1B61E9E0191A0F6A00956EF7 /* Settings.bundle in Resources */ = {isa = PBXBuildFile; fileRef = 1B61E9DF191A0F6A00956EF7 /* Settings.bundle */; };
/* End PBXBuildFile section */

/* Begin PBXContainerItemProxy section */
		1B61E9CA19198EB200956EF7 /* PBXContainerItemProxy */ = {
			isa = PBXContainerItemProxy;
			containerPortal = 1B61E99C19198EB200956EF7 /* Project object */;
			proxyType = 1;
			remoteGlobalIDString = 1B61E9A319198EB200956EF7;
			remoteInfo = ProtienTracker;
		};
/* End PBXContainerItemProxy section */

/* Begin PBXFileReference section */
		1B61E9A419198EB200956EF7 /* ProtienTracker.app */ = {isa = PBXFileReference; explicitFileType = wrapper.application; includeInIndex = 0; path = ProtienTracker.app; sourceTree = BUILT_PRODUCTS_DIR; };
		1B61E9A719198EB200956EF7 /* Foundation.framework */ = {isa = PBXFileReference; lastKnownFileType = wrapper.framework; name = Foundation.framework; path = System/Library/Frameworks/Foundation.framework; sourceTree = SDKROOT; };
		1B61E9A919198EB200956EF7 /* CoreGraphics.framework */ = {isa = PBXFileReference; lastKnownFileType = wrapper.framework; name = CoreGraphics.framework; path = System/Library/Frameworks/CoreGraphics.framework; sourceTree = SDKROOT; };
		1B61E9AB19198EB200956EF7 /* UIKit.framework */ = {isa = PBXFileReference; lastKnownFileType = wrapper.framework; name = UIKit.framework; path = System/Library/Frameworks/UIKit.framework; sourceTree = SDKROOT; };
		1B61E9AF19198EB200956EF7 /* ProtienTracker-Info.plist */ = {isa = PBXFileReference; lastKnownFileType = text.plist.xml; path = "ProtienTracker-Info.plist"; sourceTree = "<group>"; };
		1B61E9B119198EB200956EF7 /* en */ = {isa = PBXFileReference; lastKnownFileType = text.plist.strings; name = en; path = en.lproj/InfoPlist.strings; sourceTree = "<group>"; };
		1B61E9B319198EB200956EF7 /* main.m */ = {isa = PBXFileReference; lastKnownFileType = sourcecode.c.objc; path = main.m; sourceTree = "<group>"; };
		1B61E9B519198EB200956EF7 /* ProtienTracker-Prefix.pch */ = {isa = PBXFileReference; lastKnownFileType = sourcecode.c.h; path = "ProtienTracker-Prefix.pch"; sourceTree = "<group>"; };
		1B61E9B619198EB200956EF7 /* AppDelegate.h */ = {isa = PBXFileReference; lastKnownFileType = sourcecode.c.h; path = AppDelegate.h; sourceTree = "<group>"; };
		1B61E9B719198EB200956EF7 /* AppDelegate.m */ = {isa = PBXFileReference; lastKnownFileType = sourcecode.c.objc; path = AppDelegate.m; sourceTree = "<group>"; };
		1B61E9BA19198EB200956EF7 /* Base */ = {isa = PBXFileReference; lastKnownFileType = file.storyboard; name = Base; path = Base.lproj/Main.storyboard; sourceTree = "<group>"; };
		1B61E9BC19198EB200956EF7 /* MainViewController.h */ = {isa = PBXFileReference; lastKnownFileType = sourcecode.c.h; path = MainViewController.h; sourceTree = "<group>"; };
		1B61E9BD19198EB200956EF7 /* MainViewController.m */ = {isa = PBXFileReference; lastKnownFileType = sourcecode.c.objc; path = MainViewController.m; sourceTree = "<group>"; };
		1B61E9BF19198EB200956EF7 /* Images.xcassets */ = {isa = PBXFileReference; lastKnownFileType = folder.assetcatalog; path = Images.xcassets; sourceTree = "<group>"; };
		1B61E9C519198EB200956EF7 /* ProtienTrackerTests.xctest */ = {isa = PBXFileReference; explicitFileType = wrapper.cfbundle; includeInIndex = 0; path = ProtienTrackerTests.xctest; sourceTree = BUILT_PRODUCTS_DIR; };
		1B61E9C619198EB200956EF7 /* XCTest.framework */ = {isa = PBXFileReference; lastKnownFileType = wrapper.framework; name = XCTest.framework; path = Library/Frameworks/XCTest.framework; sourceTree = DEVELOPER_DIR; };
		1B61E9CE19198EB200956EF7 /* ProtienTrackerTests-Info.plist */ = {isa = PBXFileReference; lastKnownFileType = text.plist.xml; path = "ProtienTrackerTests-Info.plist"; sourceTree = "<group>"; };
		1B61E9D019198EB200956EF7 /* en */ = {isa = PBXFileReference; lastKnownFileType = text.plist.strings; name = en; path = en.lproj/InfoPlist.strings; sourceTree = "<group>"; };
		1B61E9D219198EB200956EF7 /* ProtienTrackerTests.m */ = {isa = PBXFileReference; lastKnownFileType = sourcecode.c.objc; path = ProtienTrackerTests.m; sourceTree = "<group>"; };
		1B61E9DC1919953C00956EF7 /* HistoryViewController.h */ = {isa = PBXFileReference; fileEncoding = 4; lastKnownFileType = sourcecode.c.h; path = HistoryViewController.h; sourceTree = "<group>"; };
		1B61E9DD1919953C00956EF7 /* HistoryViewController.m */ = {isa = PBXFileReference; fileEncoding = 4; lastKnownFileType = sourcecode.c.objc; path = HistoryViewController.m; sourceTree = "<group>"; };
		1B61E9DF191A0F6A00956EF7 /* Settings.bundle */ = {isa = PBXFileReference; lastKnownFileType = "wrapper.plug-in"; path = Settings.bundle; sourceTree = "<group>"; };
/* End PBXFileReference section */

/* Begin PBXFrameworksBuildPhase section */
		1B61E9A119198EB200956EF7 /* Frameworks */ = {
			isa = PBXFrameworksBuildPhase;
			buildActionMask = 2147483647;
			files = (
				1B61E9AA19198EB200956EF7 /* CoreGraphics.framework in Frameworks */,
				1B61E9AC19198EB200956EF7 /* UIKit.framework in Frameworks */,
				1B61E9A819198EB200956EF7 /* Foundation.framework in Frameworks */,
			);
			runOnlyForDeploymentPostprocessing = 0;
		};
		1B61E9C219198EB200956EF7 /* Frameworks */ = {
			isa = PBXFrameworksBuildPhase;
			buildActionMask = 2147483647;
			files = (
				1B61E9C719198EB200956EF7 /* XCTest.framework in Frameworks */,
				1B61E9C919198EB200956EF7 /* UIKit.framework in Frameworks */,
				1B61E9C819198EB200956EF7 /* Foundation.framework in Frameworks */,
			);
			runOnlyForDeploymentPostprocessing = 0;
		};
/* End PBXFrameworksBuildPhase section */

/* Begin PBXGroup section */
		1B61E99B19198EB200956EF7 = {
			isa = PBXGroup;
			children = (
				1B61E9AD19198EB200956EF7 /* ProtienTracker */,
				1B61E9CC19198EB200956EF7 /* ProtienTrackerTests */,
				1B61E9A619198EB200956EF7 /* Frameworks */,
				1B61E9A519198EB200956EF7 /* Products */,
			);
			sourceTree = "<group>";
		};
		1B61E9A519198EB200956EF7 /* Products */ = {
			isa = PBXGroup;
			children = (
				1B61E9A419198EB200956EF7 /* ProtienTracker.app */,
				1B61E9C519198EB200956EF7 /* ProtienTrackerTests.xctest */,
			);
			name = Products;
			sourceTree = "<group>";
		};
		1B61E9A619198EB200956EF7 /* Frameworks */ = {
			isa = PBXGroup;
			children = (
				1B61E9A719198EB200956EF7 /* Foundation.framework */,
				1B61E9A919198EB200956EF7 /* CoreGraphics.framework */,
				1B61E9AB19198EB200956EF7 /* UIKit.framework */,
				1B61E9C619198EB200956EF7 /* XCTest.framework */,
			);
			name = Frameworks;
			sourceTree = "<group>";
		};
		1B61E9AD19198EB200956EF7 /* ProtienTracker */ = {
			isa = PBXGroup;
			children = (
				1B61E9B619198EB200956EF7 /* AppDelegate.h */,
				1B61E9B719198EB200956EF7 /* AppDelegate.m */,
				1B61E9B919198EB200956EF7 /* Main.storyboard */,
				1B61E9BC19198EB200956EF7 /* MainViewController.h */,
				1B61E9BD19198EB200956EF7 /* MainViewController.m */,
				1B61E9BF19198EB200956EF7 /* Images.xcassets */,
				1B61E9AE19198EB200956EF7 /* Supporting Files */,
				1B61E9DC1919953C00956EF7 /* HistoryViewController.h */,
				1B61E9DD1919953C00956EF7 /* HistoryViewController.m */,
				1B61E9DF191A0F6A00956EF7 /* Settings.bundle */,
			);
			path = ProtienTracker;
			sourceTree = "<group>";
		};
		1B61E9AE19198EB200956EF7 /* Supporting Files */ = {
			isa = PBXGroup;
			children = (
				1B61E9AF19198EB200956EF7 /* ProtienTracker-Info.plist */,
				1B61E9B019198EB200956EF7 /* InfoPlist.strings */,
				1B61E9B319198EB200956EF7 /* main.m */,
				1B61E9B519198EB200956EF7 /* ProtienTracker-Prefix.pch */,
			);
			name = "Supporting Files";
			sourceTree = "<group>";
		};
		1B61E9CC19198EB200956EF7 /* ProtienTrackerTests */ = {
			isa = PBXGroup;
			children = (
				1B61E9D219198EB200956EF7 /* ProtienTrackerTests.m */,
				1B61E9CD19198EB200956EF7 /* Supporting Files */,
			);
			path = ProtienTrackerTests;
			sourceTree = "<group>";
		};
		1B61E9CD19198EB200956EF7 /* Supporting Files */ = {
			isa = PBXGroup;
			children = (
				1B61E9CE19198EB200956EF7 /* ProtienTrackerTests-Info.plist */,
				1B61E9CF19198EB200956EF7 /* InfoPlist.strings */,
			);
			name = "Supporting Files";
			sourceTree = "<group>";
		};
/* End PBXGroup section */

/* Begin PBXNativeTarget section */
		1B61E9A319198EB200956EF7 /* ProtienTracker */ = {
			isa = PBXNativeTarget;
			buildConfigurationList = 1B61E9D619198EB200956EF7 /* Build configuration list for PBXNativeTarget "ProtienTracker" */;
			buildPhases = (
				1B61E9A019198EB200956EF7 /* Sources */,
				1B61E9A119198EB200956EF7 /* Frameworks */,
				1B61E9A219198EB200956EF7 /* Resources */,
			);
			buildRules = (
			);
			dependencies = (
			);
			name = ProtienTracker;
			productName = ProtienTracker;
			productReference = 1B61E9A419198EB200956EF7 /* ProtienTracker.app */;
			productType = "com.apple.product-type.application";
		};
		1B61E9C419198EB200956EF7 /* ProtienTrackerTests */ = {
			isa = PBXNativeTarget;
			buildConfigurationList = 1B61E9D919198EB200956EF7 /* Build configuration list for PBXNativeTarget "ProtienTrackerTests" */;
			buildPhases = (
				1B61E9C119198EB200956EF7 /* Sources */,
				1B61E9C219198EB200956EF7 /* Frameworks */,
				1B61E9C319198EB200956EF7 /* Resources */,
			);
			buildRules = (
			);
			dependencies = (
				1B61E9CB19198EB200956EF7 /* PBXTargetDependency */,
			);
			name = ProtienTrackerTests;
			productName = ProtienTrackerTests;
			productReference = 1B61E9C519198EB200956EF7 /* ProtienTrackerTests.xctest */;
			productType = "com.apple.product-type.bundle.unit-test";
		};
/* End PBXNativeTarget section */

/* Begin PBXProject section */
		1B61E99C19198EB200956EF7 /* Project object */ = {
			isa = PBXProject;
			attributes = {
				LastUpgradeCheck = 0500;
				ORGANIZATIONNAME = "Jeremy Morgan";
				TargetAttributes = {
					1B61E9C419198EB200956EF7 = {
						TestTargetID = 1B61E9A319198EB200956EF7;
					};
				};
			};
			buildConfigurationList = 1B61E99F19198EB200956EF7 /* Build configuration list for PBXProject "ProtienTracker" */;
			compatibilityVersion = "Xcode 3.2";
			developmentRegion = English;
			hasScannedForEncodings = 0;
			knownRegions = (
				en,
				Base,
			);
			mainGroup = 1B61E99B19198EB200956EF7;
			productRefGroup = 1B61E9A519198EB200956EF7 /* Products */;
			projectDirPath = "";
			projectRoot = "";
			targets = (
				1B61E9A319198EB200956EF7 /* ProtienTracker */,
				1B61E9C419198EB200956EF7 /* ProtienTrackerTests */,
			);
		};
/* End PBXProject section */

/* Begin PBXResourcesBuildPhase section */
		1B61E9A219198EB200956EF7 /* Resources */ = {
			isa = PBXResourcesBuildPhase;
			buildActionMask = 2147483647;
			files = (
				1B61E9E0191A0F6A00956EF7 /* Settings.bundle in Resources */,
				1B61E9C019198EB200956EF7 /* Images.xcassets in Resources */,
				1B61E9B219198EB200956EF7 /* InfoPlist.strings in Resources */,
				1B61E9BB19198EB200956EF7 /* Main.storyboard in Resources */,
			);
			runOnlyForDeploymentPostprocessing = 0;
		};
		1B61E9C319198EB200956EF7 /* Resources */ = {
			isa = PBXResourcesBuildPhase;
			buildActionMask = 2147483647;
			files = (
				1B61E9D119198EB200956EF7 /* InfoPlist.strings in Resources */,
			);
			runOnlyForDeploymentPostprocessing = 0;
		};
/* End PBXResourcesBuildPhase section */

/* Begin PBXSourcesBuildPhase section */
		1B61E9A019198EB200956EF7 /* Sources */ = {
			isa = PBXSourcesBuildPhase;
			buildActionMask = 2147483647;
			files = (
				1B61E9BE19198EB200956EF7 /* MainViewController.m in Sources */,
				1B61E9B819198EB200956EF7 /* AppDelegate.m in Sources */,
				1B61E9B419198EB200956EF7 /* main.m in Sources */,
				1B61E9DE1919953C00956EF7 /* HistoryViewController.m in Sources */,
			);
			runOnlyForDeploymentPostprocessing = 0;
		};
		1B61E9C119198EB200956EF7 /* Sources */ = {
			isa = PBXSourcesBuildPhase;
			buildActionMask = 2147483647;
			files = (
				1B61E9D319198EB200956EF7 /* ProtienTrackerTests.m in Sources */,
			);
			runOnlyForDeploymentPostprocessing = 0;
		};
/* End PBXSourcesBuildPhase section */

/* Begin PBXTargetDependency section */
		1B61E9CB19198EB200956EF7 /* PBXTargetDependency */ = {
			isa = PBXTargetDependency;
			target = 1B61E9A319198EB200956EF7 /* ProtienTracker */;
			targetProxy = 1B61E9CA19198EB200956EF7 /* PBXContainerItemProxy */;
		};
/* End PBXTargetDependency section */

/* Begin PBXVariantGroup section */
		1B61E9B019198EB200956EF7 /* InfoPlist.strings */ = {
			isa = PBXVariantGroup;
			children = (
				1B61E9B119198EB200956EF7 /* en */,
			);
			name = InfoPlist.strings;
			sourceTree = "<group>";
		};
		1B61E9B919198EB200956EF7 /* Main.storyboard */ = {
			isa = PBXVariantGroup;
			children = (
				1B61E9BA19198EB200956EF7 /* Base */,
			);
			name = Main.storyboard;
			sourceTree = "<group>";
		};
		1B61E9CF19198EB200956EF7 /* InfoPlist.strings */ = {
			isa = PBXVariantGroup;
			children = (
				1B61E9D019198EB200956EF7 /* en */,
			);
			name = InfoPlist.strings;
			sourceTree = "<group>";
		};
/* End PBXVariantGroup section */

/* Begin XCBuildConfiguration section */
		1B61E9D419198EB200956EF7 /* Debug */ = {
			isa = XCBuildConfiguration;
			buildSettings = {
				ALWAYS_SEARCH_USER_PATHS = NO;
				ARCHS = "$(ARCHS_STANDARD_INCLUDING_64_BIT)";
				CLANG_CXX_LANGUAGE_STANDARD = "gnu++0x";
				CLANG_CXX_LIBRARY = "libc++";
				CLANG_ENABLE_MODULES = YES;
				CLANG_ENABLE_OBJC_ARC = YES;
				CLANG_WARN_BOOL_CONVERSION = YES;
				CLANG_WARN_CONSTANT_CONVERSION = YES;
				CLANG_WARN_DIRECT_OBJC_ISA_USAGE = YES_ERROR;
				CLANG_WARN_EMPTY_BODY = YES;
				CLANG_WARN_ENUM_CONVERSION = YES;
				CLANG_WARN_INT_CONVERSION = YES;
				CLANG_WARN_OBJC_ROOT_CLASS = YES_ERROR;
				CLANG_WARN__DUPLICATE_METHOD_MATCH = YES;
				"CODE_SIGN_IDENTITY[sdk=iphoneos*]" = "iPhone Developer";
				COPY_PHASE_STRIP = NO;
				GCC_C_LANGUAGE_STANDARD = gnu99;
				GCC_DYNAMIC_NO_PIC = NO;
				GCC_OPTIMIZATION_LEVEL = 0;
				GCC_PREPROCESSOR_DEFINITIONS = (
					"DEBUG=1",
					"$(inherited)",
				);
				GCC_SYMBOLS_PRIVATE_EXTERN = NO;
				GCC_WARN_64_TO_32_BIT_CONVERSION = YES;
				GCC_WARN_ABOUT_RETURN_TYPE = YES_ERROR;
				GCC_WARN_UNDECLARED_SELECTOR = YES;
				GCC_WARN_UNINITIALIZED_AUTOS = YES;
				GCC_WARN_UNUSED_FUNCTION = YES;
				GCC_WARN_UNUSED_VARIABLE = YES;
				IPHONEOS_DEPLOYMENT_TARGET = 7.0;
				ONLY_ACTIVE_ARCH = YES;
				SDKROOT = iphoneos;
			};
			name = Debug;
		};
		1B61E9D519198EB200956EF7 /* Release */ = {
			isa = XCBuildConfiguration;
			buildSettings = {
				ALWAYS_SEARCH_USER_PATHS = NO;
				ARCHS = "$(ARCHS_STANDARD_INCLUDING_64_BIT)";
				CLANG_CXX_LANGUAGE_STANDARD = "gnu++0x";
				CLANG_CXX_LIBRARY = "libc++";
				CLANG_ENABLE_MODULES = YES;
				CLANG_ENABLE_OBJC_ARC = YES;
				CLANG_WARN_BOOL_CONVERSION = YES;
				CLANG_WARN_CONSTANT_CONVERSION = YES;
				CLANG_WARN_DIRECT_OBJC_ISA_USAGE = YES_ERROR;
				CLANG_WARN_EMPTY_BODY = YES;
				CLANG_WARN_ENUM_CONVERSION = YES;
				CLANG_WARN_INT_CONVERSION = YES;
				CLANG_WARN_OBJC_ROOT_CLASS = YES_ERROR;
				CLANG_WARN__DUPLICATE_METHOD_MATCH = YES;
				"CODE_SIGN_IDENTITY[sdk=iphoneos*]" = "iPhone Developer";
				COPY_PHASE_STRIP = YES;
				ENABLE_NS_ASSERTIONS = NO;
				GCC_C_LANGUAGE_STANDARD = gnu99;
				GCC_WARN_64_TO_32_BIT_CONVERSION = YES;
				GCC_WARN_ABOUT_RETURN_TYPE = YES_ERROR;
				GCC_WARN_UNDECLARED_SELECTOR = YES;
				GCC_WARN_UNINITIALIZED_AUTOS = YES;
				GCC_WARN_UNUSED_FUNCTION = YES;
				GCC_WARN_UNUSED_VARIABLE = YES;
				IPHONEOS_DEPLOYMENT_TARGET = 7.0;
				SDKROOT = iphoneos;
				VALIDATE_PRODUCT = YES;
			};
			name = Release;
		};
		1B61E9D719198EB200956EF7 /* Debug */ = {
			isa = XCBuildConfiguration;
			buildSettings = {
				ASSETCATALOG_COMPILER_APPICON_NAME = AppIcon;
				ASSETCATALOG_COMPILER_LAUNCHIMAGE_NAME = LaunchImage;
				GCC_PRECOMPILE_PREFIX_HEADER = YES;
				GCC_PREFIX_HEADER = "ProtienTracker/ProtienTracker-Prefix.pch";
				INFOPLIST_FILE = "ProtienTracker/ProtienTracker-Info.plist";
				PRODUCT_NAME = "$(TARGET_NAME)";
				WRAPPER_EXTENSION = app;
			};
			name = Debug;
		};
		1B61E9D819198EB200956EF7 /* Release */ = {
			isa = XCBuildConfiguration;
			buildSettings = {
				ASSETCATALOG_COMPILER_APPICON_NAME = AppIcon;
				ASSETCATALOG_COMPILER_LAUNCHIMAGE_NAME = LaunchImage;
				GCC_PRECOMPILE_PREFIX_HEADER = YES;
				GCC_PREFIX_HEADER = "ProtienTracker/ProtienTracker-Prefix.pch";
				INFOPLIST_FILE = "ProtienTracker/ProtienTracker-Info.plist";
				PRODUCT_NAME = "$(TARGET_NAME)";
				WRAPPER_EXTENSION = app;
			};
			name = Release;
		};
		1B61E9DA19198EB200956EF7 /* Debug */ = {
			isa = XCBuildConfiguration;
			buildSettings = {
				ARCHS = "$(ARCHS_STANDARD_INCLUDING_64_BIT)";
				BUNDLE_LOADER = "$(BUILT_PRODUCTS_DIR)/ProtienTracker.app/ProtienTracker";
				FRAMEWORK_SEARCH_PATHS = (
					"$(SDKROOT)/Developer/Library/Frameworks",
					"$(inherited)",
					"$(DEVELOPER_FRAMEWORKS_DIR)",
				);
				GCC_PRECOMPILE_PREFIX_HEADER = YES;
				GCC_PREFIX_HEADER = "ProtienTracker/ProtienTracker-Prefix.pch";
				GCC_PREPROCESSOR_DEFINITIONS = (
					"DEBUG=1",
					"$(inherited)",
				);
				INFOPLIST_FILE = "ProtienTrackerTests/ProtienTrackerTests-Info.plist";
				PRODUCT_NAME = "$(TARGET_NAME)";
				TEST_HOST = "$(BUNDLE_LOADER)";
				WRAPPER_EXTENSION = xctest;
			};
			name = Debug;
		};
		1B61E9DB19198EB200956EF7 /* Release */ = {
			isa = XCBuildConfiguration;
			buildSettings = {
				ARCHS = "$(ARCHS_STANDARD_INCLUDING_64_BIT)";
				BUNDLE_LOADER = "$(BUILT_PRODUCTS_DIR)/ProtienTracker.app/ProtienTracker";
				FRAMEWORK_SEARCH_PATHS = (
					"$(SDKROOT)/Developer/Library/Frameworks",
					"$(inherited)",
					"$(DEVELOPER_FRAMEWORKS_DIR)",
				);
				GCC_PRECOMPILE_PREFIX_HEADER = YES;
				GCC_PREFIX_HEADER = "ProtienTracker/ProtienTracker-Prefix.pch";
				INFOPLIST_FILE = "ProtienTrackerTests/ProtienTrackerTests-Info.plist";
				PRODUCT_NAME = "$(TARGET_NAME)";
				TEST_HOST = "$(BUNDLE_LOADER)";
				WRAPPER_EXTENSION = xctest;
			};
			name = Release;
		};
/* End XCBuildConfiguration section */

/* Begin XCConfigurationList section */
		1B61E99F19198EB200956EF7 /* Build configuration list for PBXProject "ProtienTracker" */ = {
			isa = XCConfigurationList;
			buildConfigurations = (
				1B61E9D419198EB200956EF7 /* Debug */,
				1B61E9D519198EB200956EF7 /* Release */,
			);
			defaultConfigurationIsVisible = 0;
			defaultConfigurationName = Release;
		};
		1B61E9D619198EB200956EF7 /* Build configuration list for PBXNativeTarget "ProtienTracker" */ = {
			isa = XCConfigurationList;
			buildConfigurations = (
				1B61E9D719198EB200956EF7 /* Debug */,
				1B61E9D819198EB200956EF7 /* Release */,
			);
			defaultConfigurationIsVisible = 0;
		};
		1B61E9D919198EB200956EF7 /* Build configuration list for PBXNativeTarget "ProtienTrackerTests" */ = {
			isa = XCConfigurationList;
			buildConfigurations = (
				1B61E9DA19198EB200956EF7 /* Debug */,
				1B61E9DB19198EB200956EF7 /* Release */,
			);
			defaultConfigurationIsVisible = 0;
		};
/* End XCConfigurationList section */
	};
	rootObject = 1B61E99C19198EB200956EF7 /* Project object */;
}
